{
  "originHash" : "de88bd369ada11fc066bcc9c4a774ae6555f5c1bc2e75e62bb21dd7af7525f7e",
  "pins" : [
    {
      "identity" : "signalr-client-swift",
      "kind" : "remoteSourceControl",
      "location" : "https://github.com/dotnet/signalr-client-swift",
      "state" : {
        "branch" : "dev",
        "revision" : "e9a4d8f9926d595e6c6585074e5281a80fb28e9a"
      }
    },
    {
      "identity" : "snapkit",
      "kind" : "remoteSourceControl",
      "location" : "https://github.com/SnapKit/SnapKit",
      "state" : {
        "revision" : "2842e6e84e82eb9a8dac0100ca90d9444b0307f4",
        "version" : "5.7.1"
      }
    }
  ],
  "version" : 3
}
